// !$*UTF8*$!
{
	archiveVersion = 1;
	classes = {
	};
	objectVersion = 46;
	objects = {

/* Begin PBXBuildFile section */
		CD1E89D616BF884A00EF853C /* UIKit.framework in Frameworks */ = {isa = PBXBuildFile; fileRef = CD1E89D516BF884A00EF853C /* UIKit.framework */; };
		CD1E89D816BF884A00EF853C /* Foundation.framework in Frameworks */ = {isa = PBXBuildFile; fileRef = CD1E89D716BF884A00EF853C /* Foundation.framework */; };
		CD1E89DA16BF884A00EF853C /* CoreGraphics.framework in Frameworks */ = {isa = PBXBuildFile; fileRef = CD1E89D916BF884A00EF853C /* CoreGraphics.framework */; };
		CD1E89E016BF884A00EF853C /* InfoPlist.strings in Resources */ = {isa = PBXBuildFile; fileRef = CD1E89DE16BF884A00EF853C /* InfoPlist.strings */; };
		CD1E89E216BF884A00EF853C /* main.m in Sources */ = {isa = PBXBuildFile; fileRef = CD1E89E116BF884A00EF853C /* main.m */; };
		CD1E89E616BF884A00EF853C /* hdAppDelegate.m in Sources */ = {isa = PBXBuildFile; fileRef = CD1E89E516BF884A00EF853C /* hdAppDelegate.m */; };
		CD1E89EF16BF884A00EF853C /* hdTimetableViewController.m in Sources */ = {isa = PBXBuildFile; fileRef = CD1E89EE16BF884A00EF853C /* hdTimetableViewController.m */; };
		CD1E89F616BF884A00EF853C /* hdHomeworkViewController.m in Sources */ = {isa = PBXBuildFile; fileRef = CD1E89F516BF884A00EF853C /* hdHomeworkViewController.m */; };
		CD1E89FD16BF884A00EF853C /* hdTimetableViewController.xib in Resources */ = {isa = PBXBuildFile; fileRef = CD1E89FB16BF884A00EF853C /* hdTimetableViewController.xib */; };
		CD1E8A0316BF884A00EF853C /* hdHomeworkViewController.xib in Resources */ = {isa = PBXBuildFile; fileRef = CD1E8A0116BF884A00EF853C /* hdHomeworkViewController.xib */; };
		CD1E8A0F16BF88CC00EF853C /* hdSettingsViewController.m in Sources */ = {isa = PBXBuildFile; fileRef = CD1E8A0D16BF88CC00EF853C /* hdSettingsViewController.m */; };
		CD1E8A1016BF88CC00EF853C /* hdSettingsViewController.xib in Resources */ = {isa = PBXBuildFile; fileRef = CD1E8A0E16BF88CC00EF853C /* hdSettingsViewController.xib */; };
		CD1E8A1516BF89E900EF853C /* timetable@2x.png in Resources */ = {isa = PBXBuildFile; fileRef = CD1E8A1216BF89E900EF853C /* timetable@2x.png */; };
		CD1E8A1616BF89E900EF853C /* settings@2x.png in Resources */ = {isa = PBXBuildFile; fileRef = CD1E8A1316BF89E900EF853C /* settings@2x.png */; };
		CD1E8A1716BF89E900EF853C /* homework@2x.png in Resources */ = {isa = PBXBuildFile; fileRef = CD1E8A1416BF89E900EF853C /* homework@2x.png */; };
		CD1E8A1A16BF8D0500EF853C /* Default.png in Resources */ = {isa = PBXBuildFile; fileRef = CD1E8A1916BF8D0500EF853C /* Default.png */; };
		CD1E8A1C16BF8D0900EF853C /* Default@2x.png in Resources */ = {isa = PBXBuildFile; fileRef = CD1E8A1B16BF8D0900EF853C /* Default@2x.png */; };
		CD1E8A1E16BF8D0B00EF853C /* Default-568h@2x.png in Resources */ = {isa = PBXBuildFile; fileRef = CD1E8A1D16BF8D0B00EF853C /* Default-568h@2x.png */; };
		CD1E8A2016BF8D2900EF853C /* Default-Portrait~ipad.png in Resources */ = {isa = PBXBuildFile; fileRef = CD1E8A1F16BF8D2900EF853C /* Default-Portrait~ipad.png */; };
		CD1E8A2216BF8D2C00EF853C /* Default-Portrait@2x~ipad.png in Resources */ = {isa = PBXBuildFile; fileRef = CD1E8A2116BF8D2C00EF853C /* Default-Portrait@2x~ipad.png */; };
		CD1E8A2616BF8FBE00EF853C /* IconiPhone.png in Resources */ = {isa = PBXBuildFile; fileRef = CD1E8A2516BF8FBD00EF853C /* IconiPhone.png */; };
		CD1E8A2816BF8FC200EF853C /* IconiPhoneR.png in Resources */ = {isa = PBXBuildFile; fileRef = CD1E8A2716BF8FC200EF853C /* IconiPhoneR.png */; };
		CD1E8A2A16BF8FC900EF853C /* IconiPad.png in Resources */ = {isa = PBXBuildFile; fileRef = CD1E8A2916BF8FC800EF853C /* IconiPad.png */; };
		CD1E8A2C16BF8FCB00EF853C /* IconiPadR.png in Resources */ = {isa = PBXBuildFile; fileRef = CD1E8A2B16BF8FCB00EF853C /* IconiPadR.png */; };
		CD32C05116C0C2AB00AA0569 /* hdHTTPWrapper.m in Sources */ = {isa = PBXBuildFile; fileRef = CD32C05016C0C2AB00AA0569 /* hdHTTPWrapper.m */; };
		CD32C05F16C11B0500AA0569 /* hdJsonWrapper.m in Sources */ = {isa = PBXBuildFile; fileRef = CD32C05E16C11B0500AA0569 /* hdJsonWrapper.m */; };
		CD32C06316C1C6EF00AA0569 /* hdDataStore.m in Sources */ = {isa = PBXBuildFile; fileRef = CD32C06216C1C6EE00AA0569 /* hdDataStore.m */; };
		CD32C06F16C1F1FF00AA0569 /* hdStudent.m in Sources */ = {isa = PBXBuildFile; fileRef = CD32C06E16C1F1FF00AA0569 /* hdStudent.m */; };
		CD32C07416C2094200AA0569 /* hdApiWrapper.m in Sources */ = {isa = PBXBuildFile; fileRef = CD32C07316C2094200AA0569 /* hdApiWrapper.m */; };
		CD32C07716C21D4800AA0569 /* hdTimetableDataSource.m in Sources */ = {isa = PBXBuildFile; fileRef = CD32C07616C21D4800AA0569 /* hdTimetableDataSource.m */; };
		CD32C07B16C22B9C00AA0569 /* hdTimetableParser.m in Sources */ = {isa = PBXBuildFile; fileRef = CD32C07A16C22B9C00AA0569 /* hdTimetableParser.m */; };
		CD32C07F16C2338900AA0569 /* hdLoginViewController.m in Sources */ = {isa = PBXBuildFile; fileRef = CD32C07D16C2338900AA0569 /* hdLoginViewController.m */; };
		CD32C08016C2338900AA0569 /* hdLoginViewController.xib in Resources */ = {isa = PBXBuildFile; fileRef = CD32C07E16C2338900AA0569 /* hdLoginViewController.xib */; };
		CD54F86416C253BE00529769 /* hdTabViewController.m in Sources */ = {isa = PBXBuildFile; fileRef = CD54F86316C253BE00529769 /* hdTabViewController.m */; };
/* End PBXBuildFile section */

/* Begin PBXFileReference section */
		CD1E89D216BF884A00EF853C /* hDubNative.app */ = {isa = PBXFileReference; explicitFileType = wrapper.application; includeInIndex = 0; path = hDubNative.app; sourceTree = BUILT_PRODUCTS_DIR; };
		CD1E89D516BF884A00EF853C /* UIKit.framework */ = {isa = PBXFileReference; lastKnownFileType = wrapper.framework; name = UIKit.framework; path = System/Library/Frameworks/UIKit.framework; sourceTree = SDKROOT; };
		CD1E89D716BF884A00EF853C /* Foundation.framework */ = {isa = PBXFileReference; lastKnownFileType = wrapper.framework; name = Foundation.framework; path = System/Library/Frameworks/Foundation.framework; sourceTree = SDKROOT; };
		CD1E89D916BF884A00EF853C /* CoreGraphics.framework */ = {isa = PBXFileReference; lastKnownFileType = wrapper.framework; name = CoreGraphics.framework; path = System/Library/Frameworks/CoreGraphics.framework; sourceTree = SDKROOT; };
		CD1E89DF16BF884A00EF853C /* en */ = {isa = PBXFileReference; lastKnownFileType = text.plist.strings; name = en; path = en.lproj/InfoPlist.strings; sourceTree = "<group>"; };
		CD1E89E116BF884A00EF853C /* main.m */ = {isa = PBXFileReference; lastKnownFileType = sourcecode.c.objc; path = main.m; sourceTree = "<group>"; };
		CD1E89E316BF884A00EF853C /* hDubNative-Prefix.pch */ = {isa = PBXFileReference; lastKnownFileType = sourcecode.c.h; path = "hDubNative-Prefix.pch"; sourceTree = "<group>"; };
		CD1E89E416BF884A00EF853C /* hdAppDelegate.h */ = {isa = PBXFileReference; lastKnownFileType = sourcecode.c.h; path = hdAppDelegate.h; sourceTree = "<group>"; };
		CD1E89E516BF884A00EF853C /* hdAppDelegate.m */ = {isa = PBXFileReference; lastKnownFileType = sourcecode.c.objc; path = hdAppDelegate.m; sourceTree = "<group>"; };
		CD1E89ED16BF884A00EF853C /* hdTimetableViewController.h */ = {isa = PBXFileReference; lastKnownFileType = sourcecode.c.h; path = hdTimetableViewController.h; sourceTree = "<group>"; };
		CD1E89EE16BF884A00EF853C /* hdTimetableViewController.m */ = {isa = PBXFileReference; lastKnownFileType = sourcecode.c.objc; path = hdTimetableViewController.m; sourceTree = "<group>"; };
		CD1E89F416BF884A00EF853C /* hdHomeworkViewController.h */ = {isa = PBXFileReference; lastKnownFileType = sourcecode.c.h; path = hdHomeworkViewController.h; sourceTree = "<group>"; };
		CD1E89F516BF884A00EF853C /* hdHomeworkViewController.m */ = {isa = PBXFileReference; lastKnownFileType = sourcecode.c.objc; path = hdHomeworkViewController.m; sourceTree = "<group>"; };
		CD1E89FC16BF884A00EF853C /* en */ = {isa = PBXFileReference; lastKnownFileType = file.xib; name = en; path = en.lproj/hdTimetableViewController.xib; sourceTree = "<group>"; };
		CD1E8A0216BF884A00EF853C /* en */ = {isa = PBXFileReference; lastKnownFileType = file.xib; name = en; path = en.lproj/hdHomeworkViewController.xib; sourceTree = "<group>"; };
		CD1E8A0C16BF88CC00EF853C /* hdSettingsViewController.h */ = {isa = PBXFileReference; fileEncoding = 4; lastKnownFileType = sourcecode.c.h; path = hdSettingsViewController.h; sourceTree = "<group>"; };
		CD1E8A0D16BF88CC00EF853C /* hdSettingsViewController.m */ = {isa = PBXFileReference; fileEncoding = 4; lastKnownFileType = sourcecode.c.objc; path = hdSettingsViewController.m; sourceTree = "<group>"; };
		CD1E8A0E16BF88CC00EF853C /* hdSettingsViewController.xib */ = {isa = PBXFileReference; fileEncoding = 4; lastKnownFileType = file.xib; path = hdSettingsViewController.xib; sourceTree = "<group>"; };
		CD1E8A1216BF89E900EF853C /* timetable@2x.png */ = {isa = PBXFileReference; lastKnownFileType = image.png; path = "timetable@2x.png"; sourceTree = "<group>"; };
		CD1E8A1316BF89E900EF853C /* settings@2x.png */ = {isa = PBXFileReference; lastKnownFileType = image.png; path = "settings@2x.png"; sourceTree = "<group>"; };
		CD1E8A1416BF89E900EF853C /* homework@2x.png */ = {isa = PBXFileReference; lastKnownFileType = image.png; path = "homework@2x.png"; sourceTree = "<group>"; };
		CD1E8A1916BF8D0500EF853C /* Default.png */ = {isa = PBXFileReference; lastKnownFileType = image.png; path = Default.png; sourceTree = "<group>"; };
		CD1E8A1B16BF8D0900EF853C /* Default@2x.png */ = {isa = PBXFileReference; lastKnownFileType = image.png; path = "Default@2x.png"; sourceTree = "<group>"; };
		CD1E8A1D16BF8D0B00EF853C /* Default-568h@2x.png */ = {isa = PBXFileReference; lastKnownFileType = image.png; path = "Default-568h@2x.png"; sourceTree = "<group>"; };
		CD1E8A1F16BF8D2900EF853C /* Default-Portrait~ipad.png */ = {isa = PBXFileReference; lastKnownFileType = image.png; path = "Default-Portrait~ipad.png"; sourceTree = "<group>"; };
		CD1E8A2116BF8D2C00EF853C /* Default-Portrait@2x~ipad.png */ = {isa = PBXFileReference; lastKnownFileType = image.png; path = "Default-Portrait@2x~ipad.png"; sourceTree = "<group>"; };
		CD1E8A2516BF8FBD00EF853C /* IconiPhone.png */ = {isa = PBXFileReference; lastKnownFileType = image.png; path = IconiPhone.png; sourceTree = "<group>"; };
		CD1E8A2716BF8FC200EF853C /* IconiPhoneR.png */ = {isa = PBXFileReference; lastKnownFileType = image.png; path = IconiPhoneR.png; sourceTree = "<group>"; };
		CD1E8A2916BF8FC800EF853C /* IconiPad.png */ = {isa = PBXFileReference; lastKnownFileType = image.png; path = IconiPad.png; sourceTree = "<group>"; };
		CD1E8A2B16BF8FCB00EF853C /* IconiPadR.png */ = {isa = PBXFileReference; lastKnownFileType = image.png; path = IconiPadR.png; sourceTree = "<group>"; };
		CD32C04F16C0C2AB00AA0569 /* hdHTTPWrapper.h */ = {isa = PBXFileReference; fileEncoding = 4; lastKnownFileType = sourcecode.c.h; path = hdHTTPWrapper.h; sourceTree = "<group>"; };
		CD32C05016C0C2AB00AA0569 /* hdHTTPWrapper.m */ = {isa = PBXFileReference; fileEncoding = 4; lastKnownFileType = sourcecode.c.objc; path = hdHTTPWrapper.m; sourceTree = "<group>"; };
		CD32C05D16C11B0500AA0569 /* hdJsonWrapper.h */ = {isa = PBXFileReference; fileEncoding = 4; lastKnownFileType = sourcecode.c.h; path = hdJsonWrapper.h; sourceTree = "<group>"; };
		CD32C05E16C11B0500AA0569 /* hdJsonWrapper.m */ = {isa = PBXFileReference; fileEncoding = 4; lastKnownFileType = sourcecode.c.objc; path = hdJsonWrapper.m; sourceTree = "<group>"; };
		CD32C06116C1C6EE00AA0569 /* hdDataStore.h */ = {isa = PBXFileReference; fileEncoding = 4; lastKnownFileType = sourcecode.c.h; path = hdDataStore.h; sourceTree = "<group>"; };
		CD32C06216C1C6EE00AA0569 /* hdDataStore.m */ = {isa = PBXFileReference; fileEncoding = 4; lastKnownFileType = sourcecode.c.objc; path = hdDataStore.m; sourceTree = "<group>"; };
		CD32C06D16C1F1FF00AA0569 /* hdStudent.h */ = {isa = PBXFileReference; fileEncoding = 4; lastKnownFileType = sourcecode.c.h; path = hdStudent.h; sourceTree = "<group>"; };
		CD32C06E16C1F1FF00AA0569 /* hdStudent.m */ = {isa = PBXFileReference; fileEncoding = 4; lastKnownFileType = sourcecode.c.objc; path = hdStudent.m; sourceTree = "<group>"; };
		CD32C07016C1F5CA00AA0569 /* hDubNative-Info.plist */ = {isa = PBXFileReference; fileEncoding = 4; lastKnownFileType = text.plist.xml; path = "hDubNative-Info.plist"; sourceTree = "<group>"; };
		CD32C07216C2094200AA0569 /* hdApiWrapper.h */ = {isa = PBXFileReference; fileEncoding = 4; lastKnownFileType = sourcecode.c.h; path = hdApiWrapper.h; sourceTree = "<group>"; };
		CD32C07316C2094200AA0569 /* hdApiWrapper.m */ = {isa = PBXFileReference; fileEncoding = 4; lastKnownFileType = sourcecode.c.objc; path = hdApiWrapper.m; sourceTree = "<group>"; };
		CD32C07516C21D4800AA0569 /* hdTimetableDataSource.h */ = {isa = PBXFileReference; fileEncoding = 4; lastKnownFileType = sourcecode.c.h; path = hdTimetableDataSource.h; sourceTree = "<group>"; };
		CD32C07616C21D4800AA0569 /* hdTimetableDataSource.m */ = {isa = PBXFileReference; fileEncoding = 4; lastKnownFileType = sourcecode.c.objc; path = hdTimetableDataSource.m; sourceTree = "<group>"; };
		CD32C07916C22B9B00AA0569 /* hdTimetableParser.h */ = {isa = PBXFileReference; fileEncoding = 4; lastKnownFileType = sourcecode.c.h; path = hdTimetableParser.h; sourceTree = "<group>"; };
		CD32C07A16C22B9C00AA0569 /* hdTimetableParser.m */ = {isa = PBXFileReference; fileEncoding = 4; lastKnownFileType = sourcecode.c.objc; path = hdTimetableParser.m; sourceTree = "<group>"; };
		CD32C07C16C2338800AA0569 /* hdLoginViewController.h */ = {isa = PBXFileReference; fileEncoding = 4; lastKnownFileType = sourcecode.c.h; path = hdLoginViewController.h; sourceTree = "<group>"; };
		CD32C07D16C2338900AA0569 /* hdLoginViewController.m */ = {isa = PBXFileReference; fileEncoding = 4; lastKnownFileType = sourcecode.c.objc; path = hdLoginViewController.m; sourceTree = "<group>"; };
		CD32C07E16C2338900AA0569 /* hdLoginViewController.xib */ = {isa = PBXFileReference; fileEncoding = 4; lastKnownFileType = file.xib; path = hdLoginViewController.xib; sourceTree = "<group>"; };
		CD54F86216C253BE00529769 /* hdTabViewController.h */ = {isa = PBXFileReference; fileEncoding = 4; lastKnownFileType = sourcecode.c.h; path = hdTabViewController.h; sourceTree = "<group>"; };
		CD54F86316C253BE00529769 /* hdTabViewController.m */ = {isa = PBXFileReference; fileEncoding = 4; lastKnownFileType = sourcecode.c.objc; path = hdTabViewController.m; sourceTree = "<group>"; };
/* End PBXFileReference section */

/* Begin PBXFrameworksBuildPhase section */
		CD1E89CF16BF884A00EF853C /* Frameworks */ = {
			isa = PBXFrameworksBuildPhase;
			buildActionMask = 2147483647;
			files = (
				CD1E89D616BF884A00EF853C /* UIKit.framework in Frameworks */,
				CD1E89D816BF884A00EF853C /* Foundation.framework in Frameworks */,
				CD1E89DA16BF884A00EF853C /* CoreGraphics.framework in Frameworks */,
			);
			runOnlyForDeploymentPostprocessing = 0;
		};
/* End PBXFrameworksBuildPhase section */

/* Begin PBXGroup section */
		CD1E89C916BF884A00EF853C = {
			isa = PBXGroup;
			children = (
				CD1E89DB16BF884A00EF853C /* hDub */,
				CD1E89D416BF884A00EF853C /* Frameworks */,
				CD1E89D316BF884A00EF853C /* Products */,
			);
			sourceTree = "<group>";
		};
		CD1E89D316BF884A00EF853C /* Products */ = {
			isa = PBXGroup;
			children = (
				CD1E89D216BF884A00EF853C /* hDubNative.app */,
			);
			name = Products;
			sourceTree = "<group>";
		};
		CD1E89D416BF884A00EF853C /* Frameworks */ = {
			isa = PBXGroup;
			children = (
				CD1E89D516BF884A00EF853C /* UIKit.framework */,
				CD1E89D716BF884A00EF853C /* Foundation.framework */,
				CD1E89D916BF884A00EF853C /* CoreGraphics.framework */,
			);
			name = Frameworks;
			sourceTree = "<group>";
		};
		CD1E89DB16BF884A00EF853C /* hDub */ = {
			isa = PBXGroup;
			children = (
				CD1E89E416BF884A00EF853C /* hdAppDelegate.h */,
				CD1E89E516BF884A00EF853C /* hdAppDelegate.m */,
				CD32C06916C1F02D00AA0569 /* Wrappers */,
				CD32C06C16C1F13600AA0569 /* UI */,
				CD1E89DC16BF884A00EF853C /* Supporting Files */,
			);
			name = hDub;
			path = hDubNative;
			sourceTree = "<group>";
		};
		CD1E89DC16BF884A00EF853C /* Supporting Files */ = {
			isa = PBXGroup;
			children = (
				CD32C07016C1F5CA00AA0569 /* hDubNative-Info.plist */,
				CD1E89DE16BF884A00EF853C /* InfoPlist.strings */,
				CD1E89E116BF884A00EF853C /* main.m */,
				CD1E89E316BF884A00EF853C /* hDubNative-Prefix.pch */,
			);
			name = "Supporting Files";
			sourceTree = "<group>";
		};
		CD1E8A1116BF892A00EF853C /* ViewControllers */ = {
			isa = PBXGroup;
			children = (
				CD54F86216C253BE00529769 /* hdTabViewController.h */,
				CD54F86316C253BE00529769 /* hdTabViewController.m */,
				CD32C07C16C2338800AA0569 /* hdLoginViewController.h */,
				CD32C07D16C2338900AA0569 /* hdLoginViewController.m */,
				CD32C07E16C2338900AA0569 /* hdLoginViewController.xib */,
				CD32C07816C21D5100AA0569 /* Timetable */,
				CD1E89F416BF884A00EF853C /* hdHomeworkViewController.h */,
				CD1E89F516BF884A00EF853C /* hdHomeworkViewController.m */,
				CD1E8A0C16BF88CC00EF853C /* hdSettingsViewController.h */,
				CD1E8A0D16BF88CC00EF853C /* hdSettingsViewController.m */,
			);
			name = ViewControllers;
			sourceTree = "<group>";
		};
		CD1E8A1816BF89EF00EF853C /* TabBarIcons */ = {
			isa = PBXGroup;
			children = (
				CD1E8A1216BF89E900EF853C /* timetable@2x.png */,
				CD1E8A1316BF89E900EF853C /* settings@2x.png */,
				CD1E8A1416BF89E900EF853C /* homework@2x.png */,
			);
			name = TabBarIcons;
			sourceTree = "<group>";
		};
		CD1E8A2316BF8F3500EF853C /* Splashscreens */ = {
			isa = PBXGroup;
			children = (
				CD1E8A2116BF8D2C00EF853C /* Default-Portrait@2x~ipad.png */,
				CD1E8A1F16BF8D2900EF853C /* Default-Portrait~ipad.png */,
				CD1E8A1D16BF8D0B00EF853C /* Default-568h@2x.png */,
				CD1E8A1B16BF8D0900EF853C /* Default@2x.png */,
				CD1E8A1916BF8D0500EF853C /* Default.png */,
			);
			name = Splashscreens;
			path = ..;
			sourceTree = "<group>";
		};
		CD1E8A2416BF8F4C00EF853C /* XIBs */ = {
			isa = PBXGroup;
			children = (
				CD1E8A0E16BF88CC00EF853C /* hdSettingsViewController.xib */,
				CD1E89FB16BF884A00EF853C /* hdTimetableViewController.xib */,
				CD1E8A0116BF884A00EF853C /* hdHomeworkViewController.xib */,
			);
			name = XIBs;
			sourceTree = "<group>";
		};
		CD32C05516C0C2D800AA0569 /* Server Communication */ = {
			isa = PBXGroup;
			children = (
				CD32C07216C2094200AA0569 /* hdApiWrapper.h */,
				CD32C07316C2094200AA0569 /* hdApiWrapper.m */,
				CD32C06016C11B0B00AA0569 /* JSON */,
				CD32C04F16C0C2AB00AA0569 /* hdHTTPWrapper.h */,
				CD32C05016C0C2AB00AA0569 /* hdHTTPWrapper.m */,
			);
			name = "Server Communication";
			sourceTree = "<group>";
		};
		CD32C06016C11B0B00AA0569 /* JSON */ = {
			isa = PBXGroup;
			children = (
				CD32C05D16C11B0500AA0569 /* hdJsonWrapper.h */,
				CD32C05E16C11B0500AA0569 /* hdJsonWrapper.m */,
			);
			name = JSON;
			sourceTree = "<group>";
		};
		CD32C06416C1C6F400AA0569 /* NSUserDefaults */ = {
			isa = PBXGroup;
			children = (
				CD32C06116C1C6EE00AA0569 /* hdDataStore.h */,
				CD32C06216C1C6EE00AA0569 /* hdDataStore.m */,
			);
			name = NSUserDefaults;
			sourceTree = "<group>";
		};
		CD32C06916C1F02D00AA0569 /* Wrappers */ = {
			isa = PBXGroup;
			children = (
				CD32C05516C0C2D800AA0569 /* Server Communication */,
				CD32C06416C1C6F400AA0569 /* NSUserDefaults */,
				CD32C06D16C1F1FF00AA0569 /* hdStudent.h */,
				CD32C06E16C1F1FF00AA0569 /* hdStudent.m */,
			);
			name = Wrappers;
			sourceTree = "<group>";
		};
		CD32C06A16C1F0D700AA0569 /* Icons */ = {
			isa = PBXGroup;
			children = (
				CD1E8A2B16BF8FCB00EF853C /* IconiPadR.png */,
				CD1E8A2916BF8FC800EF853C /* IconiPad.png */,
				CD1E8A2716BF8FC200EF853C /* IconiPhoneR.png */,
				CD1E8A2516BF8FBD00EF853C /* IconiPhone.png */,
			);
			name = Icons;
			path = ..;
			sourceTree = "<group>";
		};
		CD32C06B16C1F12300AA0569 /* Images */ = {
			isa = PBXGroup;
			children = (
				CD32C06A16C1F0D700AA0569 /* Icons */,
				CD1E8A1816BF89EF00EF853C /* TabBarIcons */,
				CD1E8A2316BF8F3500EF853C /* Splashscreens */,
			);
			name = Images;
			sourceTree = "<group>";
		};
		CD32C06C16C1F13600AA0569 /* UI */ = {
			isa = PBXGroup;
			children = (
				CD32C06B16C1F12300AA0569 /* Images */,
				CD1E8A1116BF892A00EF853C /* ViewControllers */,
				CD1E8A2416BF8F4C00EF853C /* XIBs */,
			);
			name = UI;
			sourceTree = "<group>";
		};
		CD32C07816C21D5100AA0569 /* Timetable */ = {
			isa = PBXGroup;
			children = (
				CD1E89ED16BF884A00EF853C /* hdTimetableViewController.h */,
				CD1E89EE16BF884A00EF853C /* hdTimetableViewController.m */,
				CD32C07516C21D4800AA0569 /* hdTimetableDataSource.h */,
				CD32C07616C21D4800AA0569 /* hdTimetableDataSource.m */,
				CD32C07916C22B9B00AA0569 /* hdTimetableParser.h */,
				CD32C07A16C22B9C00AA0569 /* hdTimetableParser.m */,
			);
			name = Timetable;
			sourceTree = "<group>";
		};
/* End PBXGroup section */

/* Begin PBXNativeTarget section */
		CD1E89D116BF884A00EF853C /* hDubNative */ = {
			isa = PBXNativeTarget;
			buildConfigurationList = CD1E8A0916BF884A00EF853C /* Build configuration list for PBXNativeTarget "hDubNative" */;
			buildPhases = (
				CD1E89CE16BF884A00EF853C /* Sources */,
				CD1E89CF16BF884A00EF853C /* Frameworks */,
				CD1E89D016BF884A00EF853C /* Resources */,
			);
			buildRules = (
			);
			dependencies = (
			);
			name = hDubNative;
			productName = hDubNative;
			productReference = CD1E89D216BF884A00EF853C /* hDubNative.app */;
			productType = "com.apple.product-type.application";
		};
/* End PBXNativeTarget section */

/* Begin PBXProject section */
		CD1E89CA16BF884A00EF853C /* Project object */ = {
			isa = PBXProject;
			attributes = {
				CLASSPREFIX = hd;
				LastUpgradeCheck = 0460;
				ORGANIZATIONNAME = Kwiius;
			};
			buildConfigurationList = CD1E89CD16BF884A00EF853C /* Build configuration list for PBXProject "hDubNative" */;
			compatibilityVersion = "Xcode 3.2";
			developmentRegion = English;
			hasScannedForEncodings = 0;
			knownRegions = (
				en,
			);
			mainGroup = CD1E89C916BF884A00EF853C;
			productRefGroup = CD1E89D316BF884A00EF853C /* Products */;
			projectDirPath = "";
			projectRoot = "";
			targets = (
				CD1E89D116BF884A00EF853C /* hDubNative */,
			);
		};
/* End PBXProject section */

/* Begin PBXResourcesBuildPhase section */
		CD1E89D016BF884A00EF853C /* Resources */ = {
			isa = PBXResourcesBuildPhase;
			buildActionMask = 2147483647;
			files = (
				CD1E89E016BF884A00EF853C /* InfoPlist.strings in Resources */,
				CD1E89FD16BF884A00EF853C /* hdTimetableViewController.xib in Resources */,
				CD1E8A0316BF884A00EF853C /* hdHomeworkViewController.xib in Resources */,
				CD1E8A1016BF88CC00EF853C /* hdSettingsViewController.xib in Resources */,
				CD1E8A1516BF89E900EF853C /* timetable@2x.png in Resources */,
				CD1E8A1616BF89E900EF853C /* settings@2x.png in Resources */,
				CD1E8A1716BF89E900EF853C /* homework@2x.png in Resources */,
				CD1E8A1A16BF8D0500EF853C /* Default.png in Resources */,
				CD1E8A1C16BF8D0900EF853C /* Default@2x.png in Resources */,
				CD1E8A1E16BF8D0B00EF853C /* Default-568h@2x.png in Resources */,
				CD1E8A2016BF8D2900EF853C /* Default-Portrait~ipad.png in Resources */,
				CD1E8A2216BF8D2C00EF853C /* Default-Portrait@2x~ipad.png in Resources */,
				CD1E8A2616BF8FBE00EF853C /* IconiPhone.png in Resources */,
				CD1E8A2816BF8FC200EF853C /* IconiPhoneR.png in Resources */,
				CD1E8A2A16BF8FC900EF853C /* IconiPad.png in Resources */,
				CD1E8A2C16BF8FCB00EF853C /* IconiPadR.png in Resources */,
				CD32C08016C2338900AA0569 /* hdLoginViewController.xib in Resources */,
			);
			runOnlyForDeploymentPostprocessing = 0;
		};
/* End PBXResourcesBuildPhase section */

/* Begin PBXSourcesBuildPhase section */
		CD1E89CE16BF884A00EF853C /* Sources */ = {
			isa = PBXSourcesBuildPhase;
			buildActionMask = 2147483647;
			files = (
				CD1E89E216BF884A00EF853C /* main.m in Sources */,
				CD1E89E616BF884A00EF853C /* hdAppDelegate.m in Sources */,
				CD1E89EF16BF884A00EF853C /* hdTimetableViewController.m in Sources */,
				CD1E89F616BF884A00EF853C /* hdHomeworkViewController.m in Sources */,
				CD1E8A0F16BF88CC00EF853C /* hdSettingsViewController.m in Sources */,
				CD32C05116C0C2AB00AA0569 /* hdHTTPWrapper.m in Sources */,
				CD32C05F16C11B0500AA0569 /* hdJsonWrapper.m in Sources */,
				CD32C06316C1C6EF00AA0569 /* hdDataStore.m in Sources */,
				CD32C06F16C1F1FF00AA0569 /* hdStudent.m in Sources */,
				CD32C07416C2094200AA0569 /* hdApiWrapper.m in Sources */,
				CD32C07716C21D4800AA0569 /* hdTimetableDataSource.m in Sources */,
				CD32C07B16C22B9C00AA0569 /* hdTimetableParser.m in Sources */,
				CD32C07F16C2338900AA0569 /* hdLoginViewController.m in Sources */,
				CD54F86416C253BE00529769 /* hdTabViewController.m in Sources */,
			);
			runOnlyForDeploymentPostprocessing = 0;
		};
/* End PBXSourcesBuildPhase section */

/* Begin PBXVariantGroup section */
		CD1E89DE16BF884A00EF853C /* InfoPlist.strings */ = {
			isa = PBXVariantGroup;
			children = (
				CD1E89DF16BF884A00EF853C /* en */,
			);
			name = InfoPlist.strings;
			sourceTree = "<group>";
		};
		CD1E89FB16BF884A00EF853C /* hdTimetableViewController.xib */ = {
			isa = PBXVariantGroup;
			children = (
				CD1E89FC16BF884A00EF853C /* en */,
			);
			name = hdTimetableViewController.xib;
			sourceTree = "<group>";
		};
		CD1E8A0116BF884A00EF853C /* hdHomeworkViewController.xib */ = {
			isa = PBXVariantGroup;
			children = (
				CD1E8A0216BF884A00EF853C /* en */,
			);
			name = hdHomeworkViewController.xib;
			sourceTree = "<group>";
		};
/* End PBXVariantGroup section */

/* Begin XCBuildConfiguration section */
		CD1E8A0716BF884A00EF853C /* Debug */ = {
			isa = XCBuildConfiguration;
			buildSettings = {
				ALWAYS_SEARCH_USER_PATHS = NO;
				CLANG_CXX_LANGUAGE_STANDARD = "gnu++0x";
				CLANG_CXX_LIBRARY = "libc++";
				CLANG_ENABLE_OBJC_ARC = YES;
				CLANG_WARN_CONSTANT_CONVERSION = YES;
				CLANG_WARN_EMPTY_BODY = YES;
				CLANG_WARN_ENUM_CONVERSION = YES;
				CLANG_WARN_INT_CONVERSION = YES;
				CLANG_WARN__DUPLICATE_METHOD_MATCH = YES;
				"CODE_SIGN_IDENTITY[sdk=iphoneos*]" = "iPhone Developer";
				COPY_PHASE_STRIP = NO;
				GCC_C_LANGUAGE_STANDARD = gnu99;
				GCC_DYNAMIC_NO_PIC = NO;
				GCC_OPTIMIZATION_LEVEL = 0;
				GCC_PREPROCESSOR_DEFINITIONS = (
					"DEBUG=1",
					"$(inherited)",
				);
				GCC_SYMBOLS_PRIVATE_EXTERN = NO;
				GCC_WARN_ABOUT_RETURN_TYPE = YES;
				GCC_WARN_UNINITIALIZED_AUTOS = YES;
				GCC_WARN_UNUSED_VARIABLE = YES;
				IPHONEOS_DEPLOYMENT_TARGET = 6.1;
				ONLY_ACTIVE_ARCH = YES;
				SDKROOT = iphoneos;
				TARGETED_DEVICE_FAMILY = "1,2";
			};
			name = Debug;
		};
		CD1E8A0816BF884A00EF853C /* Release */ = {
			isa = XCBuildConfiguration;
			buildSettings = {
				ALWAYS_SEARCH_USER_PATHS = NO;
				CLANG_CXX_LANGUAGE_STANDARD = "gnu++0x";
				CLANG_CXX_LIBRARY = "libc++";
				CLANG_ENABLE_OBJC_ARC = YES;
				CLANG_WARN_CONSTANT_CONVERSION = YES;
				CLANG_WARN_EMPTY_BODY = YES;
				CLANG_WARN_ENUM_CONVERSION = YES;
				CLANG_WARN_INT_CONVERSION = YES;
				CLANG_WARN__DUPLICATE_METHOD_MATCH = YES;
				"CODE_SIGN_IDENTITY[sdk=iphoneos*]" = "iPhone Developer";
				COPY_PHASE_STRIP = YES;
				GCC_C_LANGUAGE_STANDARD = gnu99;
				GCC_WARN_ABOUT_RETURN_TYPE = YES;
				GCC_WARN_UNINITIALIZED_AUTOS = YES;
				GCC_WARN_UNUSED_VARIABLE = YES;
				IPHONEOS_DEPLOYMENT_TARGET = 6.1;
				OTHER_CFLAGS = "-DNS_BLOCK_ASSERTIONS=1";
				SDKROOT = iphoneos;
				TARGETED_DEVICE_FAMILY = "1,2";
				VALIDATE_PRODUCT = YES;
			};
			name = Release;
		};
		CD1E8A0A16BF884A00EF853C /* Debug */ = {
			isa = XCBuildConfiguration;
			buildSettings = {
				GCC_PRECOMPILE_PREFIX_HEADER = YES;
				GCC_PREFIX_HEADER = "hDubNative/hDubNative-Prefix.pch";
				INFOPLIST_FILE = "hDubNative/hDubNative-Info.plist";
				PRODUCT_NAME = "$(TARGET_NAME)";
				WRAPPER_EXTENSION = app;
			};
			name = Debug;
		};
		CD1E8A0B16BF884A00EF853C /* Release */ = {
			isa = XCBuildConfiguration;
			buildSettings = {
				GCC_PRECOMPILE_PREFIX_HEADER = YES;
				GCC_PREFIX_HEADER = "hDubNative/hDubNative-Prefix.pch";
				INFOPLIST_FILE = "hDubNative/hDubNative-Info.plist";
				PRODUCT_NAME = "$(TARGET_NAME)";
				WRAPPER_EXTENSION = app;
			};
			name = Release;
		};
/* End XCBuildConfiguration section */

/* Begin XCConfigurationList section */
		CD1E89CD16BF884A00EF853C /* Build configuration list for PBXProject "hDubNative" */ = {
			isa = XCConfigurationList;
			buildConfigurations = (
				CD1E8A0716BF884A00EF853C /* Debug */,
				CD1E8A0816BF884A00EF853C /* Release */,
			);
			defaultConfigurationIsVisible = 0;
			defaultConfigurationName = Release;
		};
		CD1E8A0916BF884A00EF853C /* Build configuration list for PBXNativeTarget "hDubNative" */ = {
			isa = XCConfigurationList;
			buildConfigurations = (
				CD1E8A0A16BF884A00EF853C /* Debug */,
				CD1E8A0B16BF884A00EF853C /* Release */,
			);
			defaultConfigurationIsVisible = 0;
			defaultConfigurationName = Release;
		};
/* End XCConfigurationList section */
	};
	rootObject = CD1E89CA16BF884A00EF853C /* Project object */;
}
